
Microsoft Visual Studio Solution File, Format Version 12.00
# Visual Studio Version 17
VisualStudioVersion = 17.5.33516.290
MinimumVisualStudioVersion = 10.0.40219.1
Project("{FAE04EC0-301F-11D3-BF4B-00C04F79EFBC}") = "labb1pp", "labb1pp\labb1pp.csproj", "{5F1FF59B-D2E0-4C02-BF7C-E67AB83F9291}"
EndProject
Project("{E53339B2-1760-4266-BCC7-CA923CBCF16C}") = "docker-compose", "docker-compose.dcproj", "{F47F9DB5-3D4D-4160-B7BA-B7FACA27521F}"
EndProject
Global
	GlobalSection(SolutionConfigurationPlatforms) = preSolution
		Debug|Any CPU = Debug|Any CPU
		Release|Any CPU = Release|Any CPU
	EndGlobalSection
	GlobalSection(ProjectConfigurationPlatforms) = postSolution
		{5F1FF59B-D2E0-4C02-BF7C-E67AB83F9291}.Debug|Any CPU.ActiveCfg = Debug|Any CPU
		{5F1FF59B-D2E0-4C02-BF7C-E67AB83F9291}.Debug|Any CPU.Build.0 = Debug|Any CPU
		{5F1FF59B-D2E0-4C02-BF7C-E67AB83F9291}.Release|Any CPU.ActiveCfg = Release|Any CPU
		{5F1FF59B-D2E0-4C02-BF7C-E67AB83F9291}.Release|Any CPU.Build.0 = Release|Any CPU
		{F47F9DB5-3D4D-4160-B7BA-B7FACA27521F}.Debug|Any CPU.ActiveCfg = Debug|Any CPU
		{F47F9DB5-3D4D-4160-B7BA-B7FACA27521F}.Debug|Any CPU.Build.0 = Debug|Any CPU
		{F47F9DB5-3D4D-4160-B7BA-B7FACA27521F}.Release|Any CPU.ActiveCfg = Release|Any CPU
		{F47F9DB5-3D4D-4160-B7BA-B7FACA27521F}.Release|Any CPU.Build.0 = Release|Any CPU
	EndGlobalSection
	GlobalSection(SolutionProperties) = preSolution
		HideSolutionNode = FALSE
	EndGlobalSection
	GlobalSection(ExtensibilityGlobals) = postSolution
		SolutionGuid = {339BC378-F3D1-47FC-9EF3-D75570BBED78}
	EndGlobalSection
EndGlobal
